
Microsoft Visual Studio Solution File, Format Version 12.00
# Visual Studio Version 16
VisualStudioVersion = 16.0.32106.194
MinimumVisualStudioVersion = 10.0.40219.1
Project("{9A19103F-16F7-4668-BE54-9A1E7A4F7556}") = "TransportBooking.Server", "Server\TransportBooking.Server.csproj", "{B31312EC-7A44-4C75-A789-8E34C650D274}"
EndProject
Project("{9A19103F-16F7-4668-BE54-9A1E7A4F7556}") = "TransportBooking.Client", "Client\TransportBooking.Client.csproj", "{19DBB8CF-6F1A-4101-A360-37345B886DA0}"
EndProject
Project("{9A19103F-16F7-4668-BE54-9A1E7A4F7556}") = "TransportBooking.Shared", "Shared\TransportBooking.Shared.csproj", "{AFFE91D0-43FD-44A8-A47D-8FBFF62710CC}"
EndProject
Global
	GlobalSection(SolutionConfigurationPlatforms) = preSolution
		Debug|Any CPU = Debug|Any CPU
		Release|Any CPU = Release|Any CPU
	EndGlobalSection
	GlobalSection(ProjectConfigurationPlatforms) = postSolution
		{B31312EC-7A44-4C75-A789-8E34C650D274}.Debug|Any CPU.ActiveCfg = Debug|Any CPU
		{B31312EC-7A44-4C75-A789-8E34C650D274}.Debug|Any CPU.Build.0 = Debug|Any CPU
		{B31312EC-7A44-4C75-A789-8E34C650D274}.Release|Any CPU.ActiveCfg = Release|Any CPU
		{B31312EC-7A44-4C75-A789-8E34C650D274}.Release|Any CPU.Build.0 = Release|Any CPU
		{19DBB8CF-6F1A-4101-A360-37345B886DA0}.Debug|Any CPU.ActiveCfg = Debug|Any CPU
		{19DBB8CF-6F1A-4101-A360-37345B886DA0}.Debug|Any CPU.Build.0 = Debug|Any CPU
		{19DBB8CF-6F1A-4101-A360-37345B886DA0}.Release|Any CPU.ActiveCfg = Release|Any CPU
		{19DBB8CF-6F1A-4101-A360-37345B886DA0}.Release|Any CPU.Build.0 = Release|Any CPU
		{AFFE91D0-43FD-44A8-A47D-8FBFF62710CC}.Debug|Any CPU.ActiveCfg = Debug|Any CPU
		{AFFE91D0-43FD-44A8-A47D-8FBFF62710CC}.Debug|Any CPU.Build.0 = Debug|Any CPU
		{AFFE91D0-43FD-44A8-A47D-8FBFF62710CC}.Release|Any CPU.ActiveCfg = Release|Any CPU
		{AFFE91D0-43FD-44A8-A47D-8FBFF62710CC}.Release|Any CPU.Build.0 = Release|Any CPU
	EndGlobalSection
	GlobalSection(SolutionProperties) = preSolution
		HideSolutionNode = FALSE
	EndGlobalSection
	GlobalSection(ExtensibilityGlobals) = postSolution
		SolutionGuid = {B047DBAF-35BB-4058-B00E-15A733113577}
	EndGlobalSection
EndGlobal
